
Microsoft Visual Studio Solution File, Format Version 12.00
# Visual Studio 14
VisualStudioVersion = 14.0.25420.1
MinimumVisualStudioVersion = 10.0.40219.1
Project("{8BC9CEB8-8B4A-11D0-8D11-00A0C91BC942}") = "leetcode", "leetcode\leetcode.vcxproj", "{45F8D421-7963-45BC-BC15-8E3DCDAB838C}"
EndProject
Project("{8BC9CEB8-8B4A-11D0-8D11-00A0C91BC942}") = "871", "871\871.vcxproj", "{85216CC6-4597-42F6-92D3-C44ECDDF5163}"
EndProject
Project("{8BC9CEB8-8B4A-11D0-8D11-00A0C91BC942}") = "94", "94\94.vcxproj", "{97B17FF2-3029-4894-9F74-60287137D17F}"
EndProject
Project("{8BC9CEB8-8B4A-11D0-8D11-00A0C91BC942}") = "67", "67\67.vcxproj", "{86ECD70E-D554-4D20-B727-81E738E4BFFF}"
EndProject
Project("{8BC9CEB8-8B4A-11D0-8D11-00A0C91BC942}") = "6", "6\6.vcxproj", "{2D863A9E-46D1-4BC5-8920-EA8AB8D7073C}"
EndProject
Project("{8BC9CEB8-8B4A-11D0-8D11-00A0C91BC942}") = "17", "17\17.vcxproj", "{FDFD9889-85FA-4518-B794-1B4DBC998EA5}"
EndProject
Project("{8BC9CEB8-8B4A-11D0-8D11-00A0C91BC942}") = "12", "12\12.vcxproj", "{FBBCF599-5A90-4B57-9CD7-A3233A0B935E}"
EndProject
Project("{8BC9CEB8-8B4A-11D0-8D11-00A0C91BC942}") = "10", "10\10.vcxproj", "{C59391E2-5008-4FB4-A216-8FFAA6C4F616}"
EndProject
Global
	GlobalSection(SolutionConfigurationPlatforms) = preSolution
		Debug|x64 = Debug|x64
		Debug|x86 = Debug|x86
		Release|x64 = Release|x64
		Release|x86 = Release|x86
	EndGlobalSection
	GlobalSection(ProjectConfigurationPlatforms) = postSolution
		{45F8D421-7963-45BC-BC15-8E3DCDAB838C}.Debug|x64.ActiveCfg = Debug|x64
		{45F8D421-7963-45BC-BC15-8E3DCDAB838C}.Debug|x64.Build.0 = Debug|x64
		{45F8D421-7963-45BC-BC15-8E3DCDAB838C}.Debug|x86.ActiveCfg = Debug|Win32
		{45F8D421-7963-45BC-BC15-8E3DCDAB838C}.Debug|x86.Build.0 = Debug|Win32
		{45F8D421-7963-45BC-BC15-8E3DCDAB838C}.Release|x64.ActiveCfg = Release|x64
		{45F8D421-7963-45BC-BC15-8E3DCDAB838C}.Release|x64.Build.0 = Release|x64
		{45F8D421-7963-45BC-BC15-8E3DCDAB838C}.Release|x86.ActiveCfg = Release|Win32
		{45F8D421-7963-45BC-BC15-8E3DCDAB838C}.Release|x86.Build.0 = Release|Win32
		{85216CC6-4597-42F6-92D3-C44ECDDF5163}.Debug|x64.ActiveCfg = Debug|x64
		{85216CC6-4597-42F6-92D3-C44ECDDF5163}.Debug|x64.Build.0 = Debug|x64
		{85216CC6-4597-42F6-92D3-C44ECDDF5163}.Debug|x86.ActiveCfg = Debug|Win32
		{85216CC6-4597-42F6-92D3-C44ECDDF5163}.Debug|x86.Build.0 = Debug|Win32
		{85216CC6-4597-42F6-92D3-C44ECDDF5163}.Release|x64.ActiveCfg = Release|x64
		{85216CC6-4597-42F6-92D3-C44ECDDF5163}.Release|x64.Build.0 = Release|x64
		{85216CC6-4597-42F6-92D3-C44ECDDF5163}.Release|x86.ActiveCfg = Release|Win32
		{85216CC6-4597-42F6-92D3-C44ECDDF5163}.Release|x86.Build.0 = Release|Win32
		{97B17FF2-3029-4894-9F74-60287137D17F}.Debug|x64.ActiveCfg = Debug|x64
		{97B17FF2-3029-4894-9F74-60287137D17F}.Debug|x64.Build.0 = Debug|x64
		{97B17FF2-3029-4894-9F74-60287137D17F}.Debug|x86.ActiveCfg = Debug|Win32
		{97B17FF2-3029-4894-9F74-60287137D17F}.Debug|x86.Build.0 = Debug|Win32
		{97B17FF2-3029-4894-9F74-60287137D17F}.Release|x64.ActiveCfg = Release|x64
		{97B17FF2-3029-4894-9F74-60287137D17F}.Release|x64.Build.0 = Release|x64
		{97B17FF2-3029-4894-9F74-60287137D17F}.Release|x86.ActiveCfg = Release|Win32
		{97B17FF2-3029-4894-9F74-60287137D17F}.Release|x86.Build.0 = Release|Win32
		{86ECD70E-D554-4D20-B727-81E738E4BFFF}.Debug|x64.ActiveCfg = Debug|x64
		{86ECD70E-D554-4D20-B727-81E738E4BFFF}.Debug|x64.Build.0 = Debug|x64
		{86ECD70E-D554-4D20-B727-81E738E4BFFF}.Debug|x86.ActiveCfg = Debug|Win32
		{86ECD70E-D554-4D20-B727-81E738E4BFFF}.Debug|x86.Build.0 = Debug|Win32
		{86ECD70E-D554-4D20-B727-81E738E4BFFF}.Release|x64.ActiveCfg = Release|x64
		{86ECD70E-D554-4D20-B727-81E738E4BFFF}.Release|x64.Build.0 = Release|x64
		{86ECD70E-D554-4D20-B727-81E738E4BFFF}.Release|x86.ActiveCfg = Release|Win32
		{86ECD70E-D554-4D20-B727-81E738E4BFFF}.Release|x86.Build.0 = Release|Win32
		{2D863A9E-46D1-4BC5-8920-EA8AB8D7073C}.Debug|x64.ActiveCfg = Debug|x64
		{2D863A9E-46D1-4BC5-8920-EA8AB8D7073C}.Debug|x64.Build.0 = Debug|x64
		{2D863A9E-46D1-4BC5-8920-EA8AB8D7073C}.Debug|x86.ActiveCfg = Debug|Win32
		{2D863A9E-46D1-4BC5-8920-EA8AB8D7073C}.Debug|x86.Build.0 = Debug|Win32
		{2D863A9E-46D1-4BC5-8920-EA8AB8D7073C}.Release|x64.ActiveCfg = Release|x64
		{2D863A9E-46D1-4BC5-8920-EA8AB8D7073C}.Release|x64.Build.0 = Release|x64
		{2D863A9E-46D1-4BC5-8920-EA8AB8D7073C}.Release|x86.ActiveCfg = Release|Win32
		{2D863A9E-46D1-4BC5-8920-EA8AB8D7073C}.Release|x86.Build.0 = Release|Win32
		{FDFD9889-85FA-4518-B794-1B4DBC998EA5}.Debug|x64.ActiveCfg = Debug|x64
		{FDFD9889-85FA-4518-B794-1B4DBC998EA5}.Debug|x64.Build.0 = Debug|x64
		{FDFD9889-85FA-4518-B794-1B4DBC998EA5}.Debug|x86.ActiveCfg = Debug|Win32
		{FDFD9889-85FA-4518-B794-1B4DBC998EA5}.Debug|x86.Build.0 = Debug|Win32
		{FDFD9889-85FA-4518-B794-1B4DBC998EA5}.Release|x64.ActiveCfg = Release|x64
		{FDFD9889-85FA-4518-B794-1B4DBC998EA5}.Release|x64.Build.0 = Release|x64
		{FDFD9889-85FA-4518-B794-1B4DBC998EA5}.Release|x86.ActiveCfg = Release|Win32
		{FDFD9889-85FA-4518-B794-1B4DBC998EA5}.Release|x86.Build.0 = Release|Win32
		{FBBCF599-5A90-4B57-9CD7-A3233A0B935E}.Debug|x64.ActiveCfg = Debug|x64
		{FBBCF599-5A90-4B57-9CD7-A3233A0B935E}.Debug|x64.Build.0 = Debug|x64
		{FBBCF599-5A90-4B57-9CD7-A3233A0B935E}.Debug|x86.ActiveCfg = Debug|Win32
		{FBBCF599-5A90-4B57-9CD7-A3233A0B935E}.Debug|x86.Build.0 = Debug|Win32
		{FBBCF599-5A90-4B57-9CD7-A3233A0B935E}.Release|x64.ActiveCfg = Release|x64
		{FBBCF599-5A90-4B57-9CD7-A3233A0B935E}.Release|x64.Build.0 = Release|x64
		{FBBCF599-5A90-4B57-9CD7-A3233A0B935E}.Release|x86.ActiveCfg = Release|Win32
		{FBBCF599-5A90-4B57-9CD7-A3233A0B935E}.Release|x86.Build.0 = Release|Win32
		{C59391E2-5008-4FB4-A216-8FFAA6C4F616}.Debug|x64.ActiveCfg = Debug|x64
		{C59391E2-5008-4FB4-A216-8FFAA6C4F616}.Debug|x64.Build.0 = Debug|x64
		{C59391E2-5008-4FB4-A216-8FFAA6C4F616}.Debug|x86.ActiveCfg = Debug|Win32
		{C59391E2-5008-4FB4-A216-8FFAA6C4F616}.Debug|x86.Build.0 = Debug|Win32
		{C59391E2-5008-4FB4-A216-8FFAA6C4F616}.Release|x64.ActiveCfg = Release|x64
		{C59391E2-5008-4FB4-A216-8FFAA6C4F616}.Release|x64.Build.0 = Release|x64
		{C59391E2-5008-4FB4-A216-8FFAA6C4F616}.Release|x86.ActiveCfg = Release|Win32
		{C59391E2-5008-4FB4-A216-8FFAA6C4F616}.Release|x86.Build.0 = Release|Win32
	EndGlobalSection
	GlobalSection(SolutionProperties) = preSolution
		HideSolutionNode = FALSE
	EndGlobalSection
EndGlobal
